
Microsoft Visual Studio Solution File, Format Version 12.00
# Visual Studio Version 17
VisualStudioVersion = 17.13.35825.156
MinimumVisualStudioVersion = 10.0.40219.1
Project("{8BC9CEB8-8B4A-11D0-8D11-00A0C91BC942}") = "Tastendruck1", "Tastendruck1.vcxproj", "{A29EF01C-18F0-43F1-A811-7D4F0182100D}"
EndProject
Project("{8BC9CEB8-8B4A-11D0-8D11-00A0C91BC942}") = "Tastendruck GUI", "..\Tastendruck GUI\Tastendruck GUI.vcxproj", "{48967763-C387-79FE-B811-1407AAF63CC1}"
EndProject
Global
	GlobalSection(SolutionConfigurationPlatforms) = preSolution
		Debug|x64 = Debug|x64
		Debug|x86 = Debug|x86
		Release|x64 = Release|x64
		Release|x86 = Release|x86
	EndGlobalSection
	GlobalSection(ProjectConfigurationPlatforms) = postSolution
		{A29EF01C-18F0-43F1-A811-7D4F0182100D}.Debug|x64.ActiveCfg = Debug|x64
		{A29EF01C-18F0-43F1-A811-7D4F0182100D}.Debug|x64.Build.0 = Debug|x64
		{A29EF01C-18F0-43F1-A811-7D4F0182100D}.Debug|x86.ActiveCfg = Debug|Win32
		{A29EF01C-18F0-43F1-A811-7D4F0182100D}.Debug|x86.Build.0 = Debug|Win32
		{A29EF01C-18F0-43F1-A811-7D4F0182100D}.Release|x64.ActiveCfg = Release|x64
		{A29EF01C-18F0-43F1-A811-7D4F0182100D}.Release|x64.Build.0 = Release|x64
		{A29EF01C-18F0-43F1-A811-7D4F0182100D}.Release|x86.ActiveCfg = Release|Win32
		{A29EF01C-18F0-43F1-A811-7D4F0182100D}.Release|x86.Build.0 = Release|Win32
		{48967763-C387-79FE-B811-1407AAF63CC1}.Debug|x64.ActiveCfg = Debug|x64
		{48967763-C387-79FE-B811-1407AAF63CC1}.Debug|x64.Build.0 = Debug|x64
		{48967763-C387-79FE-B811-1407AAF63CC1}.Debug|x86.ActiveCfg = Debug|Win32
		{48967763-C387-79FE-B811-1407AAF63CC1}.Debug|x86.Build.0 = Debug|Win32
		{48967763-C387-79FE-B811-1407AAF63CC1}.Release|x64.ActiveCfg = Release|x64
		{48967763-C387-79FE-B811-1407AAF63CC1}.Release|x64.Build.0 = Release|x64
		{48967763-C387-79FE-B811-1407AAF63CC1}.Release|x86.ActiveCfg = Release|Win32
		{48967763-C387-79FE-B811-1407AAF63CC1}.Release|x86.Build.0 = Release|Win32
	EndGlobalSection
	GlobalSection(SolutionProperties) = preSolution
		HideSolutionNode = FALSE
	EndGlobalSection
	GlobalSection(ExtensibilityGlobals) = postSolution
		SolutionGuid = {B02E088B-7ACA-4A2F-825F-BAB1DBF47888}
	EndGlobalSection
EndGlobal
